
Microsoft Visual Studio Solution File, Format Version 12.00
# Visual Studio Version 17
VisualStudioVersion = 17.9.34728.123
MinimumVisualStudioVersion = 10.0.40219.1
Project("{FAE04EC0-301F-11D3-BF4B-00C04F79EFBC}") = "Weather", "Weather\Weather.csproj", "{B0C4F465-4169-4C13-885B-31F1DAFECFE4}"
EndProject
Global
	GlobalSection(SolutionConfigurationPlatforms) = preSolution
		Debug|Any CPU = Debug|Any CPU
		Release|Any CPU = Release|Any CPU
	EndGlobalSection
	GlobalSection(ProjectConfigurationPlatforms) = postSolution
		{B0C4F465-4169-4C13-885B-31F1DAFECFE4}.Debug|Any CPU.ActiveCfg = Debug|Any CPU
		{B0C4F465-4169-4C13-885B-31F1DAFECFE4}.Debug|Any CPU.Build.0 = Debug|Any CPU
		{B0C4F465-4169-4C13-885B-31F1DAFECFE4}.Release|Any CPU.ActiveCfg = Release|Any CPU
		{B0C4F465-4169-4C13-885B-31F1DAFECFE4}.Release|Any CPU.Build.0 = Release|Any CPU
	EndGlobalSection
	GlobalSection(SolutionProperties) = preSolution
		HideSolutionNode = FALSE
	EndGlobalSection
	GlobalSection(ExtensibilityGlobals) = postSolution
		SolutionGuid = {0D473AAD-A05C-4B9B-8F67-A459231FA62C}
	EndGlobalSection
EndGlobal
